{
  "nodes": {
    "lkb": {
      "inputs": {
        "nixpkgs": "nixpkgs"
      },
      "locked": {
        "lastModified": 1,
        "narHash": "sha256-fsVzMz49Y8B+EEujLNYl152lv3Unsc2LaCQXqQBcVDE=",
        "path": "./lkb",
        "type": "path"
      },
      "original": {
        "path": "./lkb",
        "type": "path"
      }
    },
    "nixos-hardware": {
      "locked": {
        "lastModified": 1735850491,
        "narHash": "sha256-kVRiew3y2wFuPkrjOcsM2czfICIkEIFA9v5nC7mWyVA=",
        "owner": "nichtsfrei",
        "repo": "nixos-hardware",
        "rev": "9617a96b7fb1f6bcf45feb4107c09151bb4af75f",
        "type": "github"
      },
      "original": {
        "owner": "nichtsfrei",
        "ref": "master",
        "repo": "nixos-hardware",
        "type": "github"
      }
    },
    "nixpkgs": {
      "locked": {
        "lastModified": 1736517266,
        "narHash": "sha256-B40MM4Fu1lVXdspYGyLDSK924B5PI0/xZSyHmo1wqDc=",
        "owner": "NixOS",
        "repo": "nixpkgs",
        "rev": "e6752bc1ad9fed21141cbb389c8478b268ff06ec",
        "type": "github"
      },
      "original": {
        "owner": "NixOS",
        "ref": "nixos-unstable-small",
        "repo": "nixpkgs",
        "type": "github"
      }
    },
    "nixpkgs_2": {
      "locked": {
        "lastModified": 1737959576,
        "narHash": "sha256-eEOiMxfxYSLa/8jcDZEK46TjqLO+8cJ5C9ufHXz1oIw=",
        "owner": "NixOS",
        "repo": "nixpkgs",
        "rev": "970c26517231e07b71f3eaaa9aa2ebe539c354d3",
        "type": "github"
      },
      "original": {
        "owner": "NixOS",
        "ref": "nixos-unstable-small",
        "repo": "nixpkgs",
        "type": "github"
      }
    },
    "root": {
      "inputs": {
        "lkb": "lkb",
        "nixos-hardware": "nixos-hardware",
        "nixpkgs": "nixpkgs_2"
      }
    }
  },
  "root": "root",
  "version": 7
}
