{
  "nodes": {
    "darwin": {
      "inputs": {
        "nixpkgs": [
          "nixpkgs"
        ]
      },
      "locked": {
        "lastModified": 1704277720,
        "narHash": "sha256-meAKNgmh3goankLGWqqpw73pm9IvXjEENJloF0coskE=",
        "owner": "lnl7",
        "repo": "nix-darwin",
        "rev": "0dd382b70c351f528561f71a0a7df82c9d2be9a4",
        "type": "github"
      },
      "original": {
        "owner": "lnl7",
        "repo": "nix-darwin",
        "type": "github"
      }
    },
    "flake-utils": {
      "inputs": {
        "systems": "systems"
      },
      "locked": {
        "lastModified": 1689068808,
        "narHash": "sha256-6ixXo3wt24N/melDWjq70UuHQLxGV8jZvooRanIHXw0=",
        "owner": "numtide",
        "repo": "flake-utils",
        "rev": "919d646de7be200f3bf08cb76ae1f09402b6f9b4",
        "type": "github"
      },
      "original": {
        "owner": "numtide",
        "repo": "flake-utils",
        "type": "github"
      }
    },
    "home-manager": {
      "inputs": {
        "nixpkgs": [
          "nixpkgs"
        ]
      },
      "locked": {
        "lastModified": 1704498488,
        "narHash": "sha256-yINKdShHrtjdiJhov+q0s3Y3B830ujRoSbHduUNyKag=",
        "owner": "nix-community",
        "repo": "home-manager",
        "rev": "51e44a13acea71b36245e8bd8c7db53e0a3e61ee",
        "type": "github"
      },
      "original": {
        "owner": "nix-community",
        "repo": "home-manager",
        "type": "github"
      }
    },
    "nixos-hardware": {
      "locked": {
        "lastModified": 1704786394,
        "narHash": "sha256-aJM0ln9fMGWw1+tjyl5JZWZ3ahxAA2gw2ZpZY/hkEMs=",
        "owner": "NixOS",
        "repo": "nixos-hardware",
        "rev": "b34a6075e9e298c4124e35c3ccaf2210c1f3a43b",
        "type": "github"
      },
      "original": {
        "owner": "NixOS",
        "ref": "master",
        "repo": "nixos-hardware",
        "type": "github"
      }
    },
    "nixpkgs": {
      "locked": {
        "lastModified": 1704538339,
        "narHash": "sha256-1734d3mQuux9ySvwf6axRWZRBhtcZA9Q8eftD6EZg6U=",
        "owner": "NixOS",
        "repo": "nixpkgs",
        "rev": "46ae0210ce163b3cba6c7da08840c1d63de9c701",
        "type": "github"
      },
      "original": {
        "owner": "NixOS",
        "ref": "nixos-unstable",
        "repo": "nixpkgs",
        "type": "github"
      }
    },
    "nixpkgs_2": {
      "locked": {
        "lastModified": 1692221125,
        "narHash": "sha256-nKUDlbLL8/WW3Fpx9Y0sY+LliTqU3/GexvHU9BdA8Qk=",
        "owner": "nixos",
        "repo": "nixpkgs",
        "rev": "214c9de8159b25f3cdc8374a80794d4d5787b4cf",
        "type": "github"
      },
      "original": {
        "owner": "nixos",
        "ref": "nixpkgs-unstable",
        "repo": "nixpkgs",
        "type": "github"
      }
    },
    "penvim": {
      "inputs": {
        "flake-utils": "flake-utils",
        "nixpkgs": "nixpkgs_2"
      },
      "locked": {
        "lastModified": 1692299786,
        "narHash": "sha256-XwDulp92yshTNQNEIlqGTBIjo6WkNuom6QO2jqpwN98=",
        "owner": "nichtsfrei",
        "repo": "penvim",
        "rev": "c7e75149f3f70b03672f9a61977021eeec199f6a",
        "type": "github"
      },
      "original": {
        "owner": "nichtsfrei",
        "repo": "penvim",
        "type": "github"
      }
    },
    "root": {
      "inputs": {
        "darwin": "darwin",
        "home-manager": "home-manager",
        "nixos-hardware": "nixos-hardware",
        "nixpkgs": "nixpkgs",
        "penvim": "penvim"
      }
    },
    "systems": {
      "locked": {
        "lastModified": 1681028828,
        "narHash": "sha256-Vy1rq5AaRuLzOxct8nz4T6wlgyUR7zLU309k9mBC768=",
        "owner": "nix-systems",
        "repo": "default",
        "rev": "da67096a3b9bf56a91d16901293e51ba5b49a27e",
        "type": "github"
      },
      "original": {
        "owner": "nix-systems",
        "repo": "default",
        "type": "github"
      }
    }
  },
  "root": "root",
  "version": 7
}
